
Microsoft Visual Studio Solution File, Format Version 12.00
# Visual Studio Version 17
VisualStudioVersion = 17.8.34330.188
MinimumVisualStudioVersion = 10.0.40219.1
Project("{FAE04EC0-301F-11D3-BF4B-00C04F79EFBC}") = "ConsoleAppAdam1", "ConsoleAppAdam1.csproj", "{66939D18-5485-4FF4-9DE0-A885F46CC276}"
EndProject
Global
	GlobalSection(SolutionConfigurationPlatforms) = preSolution
		Debug|Any CPU = Debug|Any CPU
		Release|Any CPU = Release|Any CPU
	EndGlobalSection
	GlobalSection(ProjectConfigurationPlatforms) = postSolution
		{66939D18-5485-4FF4-9DE0-A885F46CC276}.Debug|Any CPU.ActiveCfg = Debug|Any CPU
		{66939D18-5485-4FF4-9DE0-A885F46CC276}.Debug|Any CPU.Build.0 = Debug|Any CPU
		{66939D18-5485-4FF4-9DE0-A885F46CC276}.Release|Any CPU.ActiveCfg = Release|Any CPU
		{66939D18-5485-4FF4-9DE0-A885F46CC276}.Release|Any CPU.Build.0 = Release|Any CPU
	EndGlobalSection
	GlobalSection(SolutionProperties) = preSolution
		HideSolutionNode = FALSE
	EndGlobalSection
	GlobalSection(ExtensibilityGlobals) = postSolution
		SolutionGuid = {05DECD4F-702E-4495-A81C-E66257EAAC9A}
	EndGlobalSection
EndGlobal
